
Microsoft Visual Studio Solution File, Format Version 12.00
# Visual Studio Version 17
VisualStudioVersion = 17.13.35825.156 d17.13
MinimumVisualStudioVersion = 10.0.40219.1
Project("{FAE04EC0-301F-11D3-BF4B-00C04F79EFBC}") = "Krypton", "Krypton\Krypton.csproj", "{2B659DCA-5A2C-4930-98F8-1729D162D314}"
EndProject
Project("{FAE04EC0-301F-11D3-BF4B-00C04F79EFBC}") = "Krypton.Core", "Krypton.Core\Krypton.Core.csproj", "{D8A10EC2-5520-4F8C-89D6-82307CAD0F3F}"
EndProject
Project("{FAE04EC0-301F-11D3-BF4B-00C04F79EFBC}") = "Krypton.Pipeline", "Krypton.Pipeline\Krypton.Pipeline.csproj", "{7D47DC7A-C4A5-47BB-855E-1D0FE25B67F0}"
	ProjectSection(ProjectDependencies) = postProject
		{D8A10EC2-5520-4F8C-89D6-82307CAD0F3F} = {D8A10EC2-5520-4F8C-89D6-82307CAD0F3F}
	EndProjectSection
EndProject
Project("{FAE04EC0-301F-11D3-BF4B-00C04F79EFBC}") = "Krypton.Tests", "Krypton.Tests\Krypton.Tests.csproj", "{FE8D181E-B7C3-4C75-BBD9-8E251C94FC96}"
EndProject
Project("{FAE04EC0-301F-11D3-BF4B-00C04F79EFBC}") = "Krypton.Runner", "Krypton.Runner\Krypton.Runner.csproj", "{F6EC9183-5505-4773-A8E6-09601F30438E}"
EndProject
Global
	GlobalSection(SolutionConfigurationPlatforms) = preSolution
		Debug|Any CPU = Debug|Any CPU
		Release|Any CPU = Release|Any CPU
	EndGlobalSection
	GlobalSection(ProjectConfigurationPlatforms) = postSolution
		{2B659DCA-5A2C-4930-98F8-1729D162D314}.Debug|Any CPU.ActiveCfg = Debug|Any CPU
		{2B659DCA-5A2C-4930-98F8-1729D162D314}.Debug|Any CPU.Build.0 = Debug|Any CPU
		{2B659DCA-5A2C-4930-98F8-1729D162D314}.Release|Any CPU.ActiveCfg = Release|Any CPU
		{2B659DCA-5A2C-4930-98F8-1729D162D314}.Release|Any CPU.Build.0 = Release|Any CPU
		{D8A10EC2-5520-4F8C-89D6-82307CAD0F3F}.Debug|Any CPU.ActiveCfg = Debug|Any CPU
		{D8A10EC2-5520-4F8C-89D6-82307CAD0F3F}.Debug|Any CPU.Build.0 = Debug|Any CPU
		{D8A10EC2-5520-4F8C-89D6-82307CAD0F3F}.Release|Any CPU.ActiveCfg = Release|Any CPU
		{D8A10EC2-5520-4F8C-89D6-82307CAD0F3F}.Release|Any CPU.Build.0 = Release|Any CPU
		{7D47DC7A-C4A5-47BB-855E-1D0FE25B67F0}.Debug|Any CPU.ActiveCfg = Debug|Any CPU
		{7D47DC7A-C4A5-47BB-855E-1D0FE25B67F0}.Debug|Any CPU.Build.0 = Debug|Any CPU
		{7D47DC7A-C4A5-47BB-855E-1D0FE25B67F0}.Release|Any CPU.ActiveCfg = Release|Any CPU
		{7D47DC7A-C4A5-47BB-855E-1D0FE25B67F0}.Release|Any CPU.Build.0 = Release|Any CPU
		{FE8D181E-B7C3-4C75-BBD9-8E251C94FC96}.Debug|Any CPU.ActiveCfg = Debug|Any CPU
		{FE8D181E-B7C3-4C75-BBD9-8E251C94FC96}.Debug|Any CPU.Build.0 = Debug|Any CPU
		{FE8D181E-B7C3-4C75-BBD9-8E251C94FC96}.Release|Any CPU.ActiveCfg = Release|Any CPU
		{FE8D181E-B7C3-4C75-BBD9-8E251C94FC96}.Release|Any CPU.Build.0 = Release|Any CPU
		{F6EC9183-5505-4773-A8E6-09601F30438E}.Debug|Any CPU.ActiveCfg = Debug|Any CPU
		{F6EC9183-5505-4773-A8E6-09601F30438E}.Debug|Any CPU.Build.0 = Debug|Any CPU
		{F6EC9183-5505-4773-A8E6-09601F30438E}.Release|Any CPU.ActiveCfg = Release|Any CPU
		{F6EC9183-5505-4773-A8E6-09601F30438E}.Release|Any CPU.Build.0 = Release|Any CPU
	EndGlobalSection
	GlobalSection(SolutionProperties) = preSolution
		HideSolutionNode = FALSE
	EndGlobalSection
EndGlobal
